
Microsoft Visual Studio Solution File, Format Version 12.00
# Visual Studio Version 16
VisualStudioVersion = 25.0.1706.8
MinimumVisualStudioVersion = 10.0.40219.1
Project("{FAE04EC0-301F-11D3-BF4B-00C04F79EFBC}") = "Login_Signup_Api", "Login_Signup_Api\Login_Signup_Api.csproj", "{ADC3AEBF-F4B4-4E46-B432-77C0ADA323C0}"
EndProject
Global
	GlobalSection(SolutionConfigurationPlatforms) = preSolution
		Debug|Any CPU = Debug|Any CPU
		Release|Any CPU = Release|Any CPU
	EndGlobalSection
	GlobalSection(ProjectConfigurationPlatforms) = postSolution
		{ADC3AEBF-F4B4-4E46-B432-77C0ADA323C0}.Debug|Any CPU.ActiveCfg = Debug|Any CPU
		{ADC3AEBF-F4B4-4E46-B432-77C0ADA323C0}.Debug|Any CPU.Build.0 = Debug|Any CPU
		{ADC3AEBF-F4B4-4E46-B432-77C0ADA323C0}.Release|Any CPU.ActiveCfg = Release|Any CPU
		{ADC3AEBF-F4B4-4E46-B432-77C0ADA323C0}.Release|Any CPU.Build.0 = Release|Any CPU
	EndGlobalSection
	GlobalSection(SolutionProperties) = preSolution
		HideSolutionNode = FALSE
	EndGlobalSection
	GlobalSection(ExtensibilityGlobals) = postSolution
		SolutionGuid = {7AEA0CC0-66E4-47CC-9081-D69FA447BF96}
	EndGlobalSection
EndGlobal
